{
  "version": 4,
  "terraform_version": "1.5.7",
  "serial": 56,
  "lineage": "34c999f2-7b21-8e25-0eb0-aabdcf6edd25",
  "outputs": {},
  "resources": [
    {
      "mode": "data",
      "type": "google_storage_bucket",
      "name": "default",
      "provider": "provider[\"registry.terraform.io/hashicorp/google\"]",
      "instances": [
        {
          "schema_version": 0,
          "attributes": {
            "autoclass": [],
            "cors": [],
            "custom_placement_config": [],
            "default_event_based_hold": false,
            "effective_labels": {},
            "enable_object_retention": false,
            "encryption": [],
            "force_destroy": null,
            "hierarchical_namespace": [
              {
                "enabled": false
              }
            ],
            "id": "amazon-product-listing-raw",
            "ip_filter": [],
            "labels": {},
            "lifecycle_rule": [],
            "location": "EUROPE-WEST3",
            "logging": [],
            "name": "amazon-product-listing-raw",
            "project": "project-2b6c9e78-b5ed-46bc-a2b",
            "project_number": 449405108112,
            "public_access_prevention": "inherited",
            "requester_pays": false,
            "retention_policy": [],
            "rpo": null,
            "self_link": "https://www.googleapis.com/storage/v1/b/amazon-product-listing-raw",
            "soft_delete_policy": [
              {
                "effective_time": "2025-11-17T18:27:51.582Z",
                "retention_duration_seconds": 604800
              }
            ],
            "storage_class": "STANDARD",
            "terraform_labels": {},
            "time_created": "2025-11-17T18:27:51.582Z",
            "uniform_bucket_level_access": true,
            "updated": "2025-11-17T18:27:51.582Z",
            "url": "gs://amazon-product-listing-raw",
            "versioning": [],
            "website": []
          },
          "sensitive_attributes": []
        }
      ]
    },
    {
      "mode": "managed",
      "type": "google_artifact_registry_repository",
      "name": "repo",
      "provider": "provider[\"registry.terraform.io/hashicorp/google\"]",
      "instances": []
    },
    {
      "mode": "managed",
      "type": "google_cloud_run_v2_job",
      "name": "default",
      "provider": "provider[\"registry.terraform.io/hashicorp/google\"]",
      "instances": [
        {
          "schema_version": 0,
          "attributes": {
            "annotations": {},
            "binary_authorization": [],
            "client": "",
            "client_version": "",
            "conditions": [],
            "create_time": "2025-11-18T18:30:35.259369Z",
            "creator": "oliver.silveti@gmail.com",
            "delete_time": "",
            "deletion_protection": false,
            "effective_annotations": {},
            "effective_labels": {
              "goog-terraform-provisioned": "true"
            },
            "etag": "\"CJ798sgGEIDBs8YB/cHJvamVjdHMvcHJvamVjdC0yYjZjOWU3OC1iNWVkLTQ2YmMtYTJiL2xvY2F0aW9ucy91cy1jZW50cmFsMS9qb2JzL21hcmtldHBsYWNlMS1pbmdlc3Rpb24\"",
            "execution_count": 0,
            "expire_time": "",
            "generation": "2",
            "id": "projects/project-2b6c9e78-b5ed-46bc-a2b/locations/us-central1/jobs/marketplace1-ingestion",
            "labels": {},
            "last_modifier": "oliver.silveti@gmail.com",
            "latest_created_execution": [],
            "launch_stage": "GA",
            "location": "us-central1",
            "name": "marketplace1-ingestion",
            "observed_generation": "2",
            "project": "project-2b6c9e78-b5ed-46bc-a2b",
            "reconciling": false,
            "template": [
              {
                "annotations": {},
                "labels": {},
                "parallelism": 0,
                "task_count": 1,
                "template": [
                  {
                    "containers": [
                      {
                        "args": [],
                        "command": [],
                        "depends_on": [],
                        "env": [
                          {
                            "name": "SERPAPI_API_KEY",
                            "value": "",
                            "value_source": [
                              {
                                "secret_key_ref": [
                                  {
                                    "secret": "marketplace1-ingestion-serpapi-key",
                                    "version": "latest"
                                  }
                                ]
                              }
                            ]
                          }
                        ],
                        "image": "us-central1-docker.pkg.dev/project-2b6c9e78-b5ed-46bc-a2b/etrendo-repo/marketplace1-ingestion:latest",
                        "name": "",
                        "ports": [],
                        "resources": [
                          {
                            "limits": {
                              "cpu": "1000m",
                              "memory": "512Mi"
                            }
                          }
                        ],
                        "startup_probe": [],
                        "volume_mounts": [],
                        "working_dir": ""
                      }
                    ],
                    "encryption_key": "",
                    "execution_environment": "EXECUTION_ENVIRONMENT_GEN2",
                    "gpu_zonal_redundancy_disabled": false,
                    "max_retries": 3,
                    "node_selector": [],
                    "service_account": "marketplace1-ingestion-sa@project-2b6c9e78-b5ed-46bc-a2b.iam.gserviceaccount.com",
                    "timeout": "600s",
                    "volumes": [],
                    "vpc_access": []
                  }
                ]
              }
            ],
            "terminal_condition": [
              {
                "execution_reason": "",
                "last_transition_time": "2025-11-18T18:44:46.541994Z",
                "message": "Image 'us-central1-docker.pkg.dev/project-2b6c9e78-b5ed-46bc-a2b/etrendo-repo/marketplace1-ingestion:latest' not found.",
                "reason": "CONTAINER_MISSING",
                "revision_reason": "",
                "severity": "",
                "state": "CONDITION_FAILED",
                "type": "Ready"
              }
            ],
            "terraform_labels": {
              "goog-terraform-provisioned": "true"
            },
            "timeouts": null,
            "uid": "3fc3ec3c-6457-4525-97d3-991666e29980",
            "update_time": "2025-11-18T18:44:46.416080Z"
          },
          "sensitive_attributes": [],
          "private": "eyJlMmJmYjczMC1lY2FhLTExZTYtOGY4OC0zNDM2M2JjN2M0YzAiOnsiY3JlYXRlIjoxMjAwMDAwMDAwMDAwLCJkZWxldGUiOjEyMDAwMDAwMDAwMDAsInVwZGF0ZSI6MTIwMDAwMDAwMDAwMH19",
          "dependencies": [
            "google_artifact_registry_repository.repo",
            "google_project_service.services",
            "google_secret_manager_secret.serpapi_key",
            "google_service_account.job_runner",
            "null_resource.docker_build_push"
          ]
        }
      ]
    },
    {
      "mode": "managed",
      "type": "google_cloud_run_v2_job_iam_member",
      "name": "scheduler_invoker",
      "provider": "provider[\"registry.terraform.io/hashicorp/google\"]",
      "instances": []
    },
    {
      "mode": "managed",
      "type": "google_cloud_scheduler_job",
      "name": "job",
      "provider": "provider[\"registry.terraform.io/hashicorp/google\"]",
      "instances": []
    },
    {
      "mode": "managed",
      "type": "google_project_service",
      "name": "services",
      "provider": "provider[\"registry.terraform.io/hashicorp/google\"]",
      "instances": [
        {
          "index_key": "artifactregistry.googleapis.com",
          "schema_version": 0,
          "attributes": {
            "disable_dependent_services": null,
            "disable_on_destroy": false,
            "id": "project-2b6c9e78-b5ed-46bc-a2b/artifactregistry.googleapis.com",
            "project": "project-2b6c9e78-b5ed-46bc-a2b",
            "service": "artifactregistry.googleapis.com",
            "timeouts": null
          },
          "sensitive_attributes": [],
          "private": "eyJlMmJmYjczMC1lY2FhLTExZTYtOGY4OC0zNDM2M2JjN2M0YzAiOnsiY3JlYXRlIjoxMjAwMDAwMDAwMDAwLCJkZWxldGUiOjEyMDAwMDAwMDAwMDAsInJlYWQiOjYwMDAwMDAwMDAwMCwidXBkYXRlIjoxMjAwMDAwMDAwMDAwfX0="
        },
        {
          "index_key": "cloudbuild.googleapis.com",
          "schema_version": 0,
          "attributes": {
            "disable_dependent_services": null,
            "disable_on_destroy": false,
            "id": "project-2b6c9e78-b5ed-46bc-a2b/cloudbuild.googleapis.com",
            "project": "project-2b6c9e78-b5ed-46bc-a2b",
            "service": "cloudbuild.googleapis.com",
            "timeouts": null
          },
          "sensitive_attributes": [],
          "private": "eyJlMmJmYjczMC1lY2FhLTExZTYtOGY4OC0zNDM2M2JjN2M0YzAiOnsiY3JlYXRlIjoxMjAwMDAwMDAwMDAwLCJkZWxldGUiOjEyMDAwMDAwMDAwMDAsInJlYWQiOjYwMDAwMDAwMDAwMCwidXBkYXRlIjoxMjAwMDAwMDAwMDAwfX0="
        },
        {
          "index_key": "cloudscheduler.googleapis.com",
          "schema_version": 0,
          "attributes": {
            "disable_dependent_services": null,
            "disable_on_destroy": false,
            "id": "project-2b6c9e78-b5ed-46bc-a2b/cloudscheduler.googleapis.com",
            "project": "project-2b6c9e78-b5ed-46bc-a2b",
            "service": "cloudscheduler.googleapis.com",
            "timeouts": null
          },
          "sensitive_attributes": [],
          "private": "eyJlMmJmYjczMC1lY2FhLTExZTYtOGY4OC0zNDM2M2JjN2M0YzAiOnsiY3JlYXRlIjoxMjAwMDAwMDAwMDAwLCJkZWxldGUiOjEyMDAwMDAwMDAwMDAsInJlYWQiOjYwMDAwMDAwMDAwMCwidXBkYXRlIjoxMjAwMDAwMDAwMDAwfX0="
        },
        {
          "index_key": "iam.googleapis.com",
          "schema_version": 0,
          "attributes": {
            "disable_dependent_services": null,
            "disable_on_destroy": false,
            "id": "project-2b6c9e78-b5ed-46bc-a2b/iam.googleapis.com",
            "project": "project-2b6c9e78-b5ed-46bc-a2b",
            "service": "iam.googleapis.com",
            "timeouts": null
          },
          "sensitive_attributes": [],
          "private": "eyJlMmJmYjczMC1lY2FhLTExZTYtOGY4OC0zNDM2M2JjN2M0YzAiOnsiY3JlYXRlIjoxMjAwMDAwMDAwMDAwLCJkZWxldGUiOjEyMDAwMDAwMDAwMDAsInJlYWQiOjYwMDAwMDAwMDAwMCwidXBkYXRlIjoxMjAwMDAwMDAwMDAwfX0="
        },
        {
          "index_key": "run.googleapis.com",
          "schema_version": 0,
          "attributes": {
            "disable_dependent_services": null,
            "disable_on_destroy": false,
            "id": "project-2b6c9e78-b5ed-46bc-a2b/run.googleapis.com",
            "project": "project-2b6c9e78-b5ed-46bc-a2b",
            "service": "run.googleapis.com",
            "timeouts": null
          },
          "sensitive_attributes": [],
          "private": "eyJlMmJmYjczMC1lY2FhLTExZTYtOGY4OC0zNDM2M2JjN2M0YzAiOnsiY3JlYXRlIjoxMjAwMDAwMDAwMDAwLCJkZWxldGUiOjEyMDAwMDAwMDAwMDAsInJlYWQiOjYwMDAwMDAwMDAwMCwidXBkYXRlIjoxMjAwMDAwMDAwMDAwfX0="
        },
        {
          "index_key": "secretmanager.googleapis.com",
          "schema_version": 0,
          "attributes": {
            "disable_dependent_services": null,
            "disable_on_destroy": false,
            "id": "project-2b6c9e78-b5ed-46bc-a2b/secretmanager.googleapis.com",
            "project": "project-2b6c9e78-b5ed-46bc-a2b",
            "service": "secretmanager.googleapis.com",
            "timeouts": null
          },
          "sensitive_attributes": [],
          "private": "eyJlMmJmYjczMC1lY2FhLTExZTYtOGY4OC0zNDM2M2JjN2M0YzAiOnsiY3JlYXRlIjoxMjAwMDAwMDAwMDAwLCJkZWxldGUiOjEyMDAwMDAwMDAwMDAsInJlYWQiOjYwMDAwMDAwMDAwMCwidXBkYXRlIjoxMjAwMDAwMDAwMDAwfX0="
        },
        {
          "index_key": "storage.googleapis.com",
          "schema_version": 0,
          "attributes": {
            "disable_dependent_services": null,
            "disable_on_destroy": false,
            "id": "project-2b6c9e78-b5ed-46bc-a2b/storage.googleapis.com",
            "project": "project-2b6c9e78-b5ed-46bc-a2b",
            "service": "storage.googleapis.com",
            "timeouts": null
          },
          "sensitive_attributes": [],
          "private": "eyJlMmJmYjczMC1lY2FhLTExZTYtOGY4OC0zNDM2M2JjN2M0YzAiOnsiY3JlYXRlIjoxMjAwMDAwMDAwMDAwLCJkZWxldGUiOjEyMDAwMDAwMDAwMDAsInJlYWQiOjYwMDAwMDAwMDAwMCwidXBkYXRlIjoxMjAwMDAwMDAwMDAwfX0="
        }
      ]
    },
    {
      "mode": "managed",
      "type": "google_secret_manager_secret",
      "name": "serpapi_key",
      "provider": "provider[\"registry.terraform.io/hashicorp/google\"]",
      "instances": [
        {
          "schema_version": 0,
          "attributes": {
            "annotations": {},
            "create_time": "2025-11-18T18:30:32.840329Z",
            "deletion_protection": false,
            "effective_annotations": {},
            "effective_labels": {
              "goog-terraform-provisioned": "true"
            },
            "expire_time": "",
            "id": "projects/project-2b6c9e78-b5ed-46bc-a2b/secrets/marketplace1-ingestion-serpapi-key",
            "labels": {},
            "name": "projects/449405108112/secrets/marketplace1-ingestion-serpapi-key",
            "project": "project-2b6c9e78-b5ed-46bc-a2b",
            "replication": [
              {
                "auto": [
                  {
                    "customer_managed_encryption": []
                  }
                ],
                "user_managed": []
              }
            ],
            "rotation": [],
            "secret_id": "marketplace1-ingestion-serpapi-key",
            "tags": null,
            "terraform_labels": {
              "goog-terraform-provisioned": "true"
            },
            "timeouts": null,
            "topics": [],
            "ttl": null,
            "version_aliases": {},
            "version_destroy_ttl": ""
          },
          "sensitive_attributes": [],
          "private": "eyJlMmJmYjczMC1lY2FhLTExZTYtOGY4OC0zNDM2M2JjN2M0YzAiOnsiY3JlYXRlIjoxMjAwMDAwMDAwMDAwLCJkZWxldGUiOjEyMDAwMDAwMDAwMDAsInVwZGF0ZSI6MTIwMDAwMDAwMDAwMH19"
        }
      ]
    },
    {
      "mode": "managed",
      "type": "google_secret_manager_secret_iam_member",
      "name": "secret_accessor",
      "provider": "provider[\"registry.terraform.io/hashicorp/google\"]",
      "instances": [
        {
          "schema_version": 0,
          "attributes": {
            "condition": [],
            "etag": "BwZD4qjhwnU=",
            "id": "projects/project-2b6c9e78-b5ed-46bc-a2b/secrets/marketplace1-ingestion-serpapi-key/roles/secretmanager.secretAccessor/serviceAccount:marketplace1-ingestion-sa@project-2b6c9e78-b5ed-46bc-a2b.iam.gserviceaccount.com",
            "member": "serviceAccount:marketplace1-ingestion-sa@project-2b6c9e78-b5ed-46bc-a2b.iam.gserviceaccount.com",
            "project": "project-2b6c9e78-b5ed-46bc-a2b",
            "role": "roles/secretmanager.secretAccessor",
            "secret_id": "projects/project-2b6c9e78-b5ed-46bc-a2b/secrets/marketplace1-ingestion-serpapi-key"
          },
          "sensitive_attributes": [],
          "private": "bnVsbA==",
          "dependencies": [
            "google_secret_manager_secret.serpapi_key",
            "google_service_account.job_runner"
          ]
        }
      ]
    },
    {
      "mode": "managed",
      "type": "google_secret_manager_secret_version",
      "name": "serpapi_key_version",
      "provider": "provider[\"registry.terraform.io/hashicorp/google\"]",
      "instances": [
        {
          "schema_version": 0,
          "attributes": {
            "create_time": "2025-11-18T18:41:07.674970Z",
            "deletion_policy": "DELETE",
            "destroy_time": "",
            "enabled": true,
            "id": "projects/449405108112/secrets/marketplace1-ingestion-serpapi-key/versions/1",
            "is_secret_data_base64": false,
            "name": "projects/449405108112/secrets/marketplace1-ingestion-serpapi-key/versions/1",
            "project": null,
            "secret": "projects/project-2b6c9e78-b5ed-46bc-a2b/secrets/marketplace1-ingestion-serpapi-key",
            "secret_data": "your-secret-api-key",
            "secret_data_wo": null,
            "secret_data_wo_version": 0,
            "timeouts": null,
            "version": "1"
          },
          "sensitive_attributes": [
            [
              {
                "type": "get_attr",
                "value": "secret_data"
              }
            ]
          ],
          "private": "eyJlMmJmYjczMC1lY2FhLTExZTYtOGY4OC0zNDM2M2JjN2M0YzAiOnsiY3JlYXRlIjoxMjAwMDAwMDAwMDAwLCJkZWxldGUiOjEyMDAwMDAwMDAwMDAsInVwZGF0ZSI6MTIwMDAwMDAwMDAwMH19",
          "dependencies": [
            "google_secret_manager_secret.serpapi_key"
          ]
        }
      ]
    },
    {
      "mode": "managed",
      "type": "google_service_account",
      "name": "job_runner",
      "provider": "provider[\"registry.terraform.io/hashicorp/google\"]",
      "instances": [
        {
          "schema_version": 0,
          "attributes": {
            "account_id": "marketplace1-ingestion-sa",
            "create_ignore_already_exists": null,
            "description": "",
            "disabled": false,
            "display_name": "Service Account for Marketplace1 Ingestion Job",
            "email": "marketplace1-ingestion-sa@project-2b6c9e78-b5ed-46bc-a2b.iam.gserviceaccount.com",
            "id": "projects/project-2b6c9e78-b5ed-46bc-a2b/serviceAccounts/marketplace1-ingestion-sa@project-2b6c9e78-b5ed-46bc-a2b.iam.gserviceaccount.com",
            "member": "serviceAccount:marketplace1-ingestion-sa@project-2b6c9e78-b5ed-46bc-a2b.iam.gserviceaccount.com",
            "name": "projects/project-2b6c9e78-b5ed-46bc-a2b/serviceAccounts/marketplace1-ingestion-sa@project-2b6c9e78-b5ed-46bc-a2b.iam.gserviceaccount.com",
            "project": "project-2b6c9e78-b5ed-46bc-a2b",
            "timeouts": null,
            "unique_id": "112581472530168368722"
          },
          "sensitive_attributes": [],
          "private": "eyJlMmJmYjczMC1lY2FhLTExZTYtOGY4OC0zNDM2M2JjN2M0YzAiOnsiY3JlYXRlIjozMDAwMDAwMDAwMDB9fQ=="
        }
      ]
    },
    {
      "mode": "managed",
      "type": "google_storage_bucket",
      "name": "default",
      "provider": "provider[\"registry.terraform.io/hashicorp/google\"]",
      "instances": [
        {
          "schema_version": 4,
          "attributes": {
            "autoclass": [],
            "cors": [],
            "custom_placement_config": [],
            "default_event_based_hold": false,
            "effective_labels": {
              "goog-terraform-provisioned": "true"
            },
            "enable_object_retention": false,
            "encryption": [],
            "force_destroy": false,
            "hierarchical_namespace": [
              {
                "enabled": false
              }
            ],
            "id": "project-2b6c9e78-b5ed-46bc-a2b-marketplace1-ingestion-bucket",
            "ip_filter": [],
            "labels": {},
            "lifecycle_rule": [],
            "location": "US-CENTRAL1",
            "logging": [],
            "name": "project-2b6c9e78-b5ed-46bc-a2b-marketplace1-ingestion-bucket",
            "project": "project-2b6c9e78-b5ed-46bc-a2b",
            "project_number": 449405108112,
            "public_access_prevention": "inherited",
            "requester_pays": false,
            "retention_policy": [],
            "rpo": null,
            "self_link": "https://www.googleapis.com/storage/v1/b/project-2b6c9e78-b5ed-46bc-a2b-marketplace1-ingestion-bucket",
            "soft_delete_policy": [
              {
                "effective_time": "2025-11-18T18:26:42.379Z",
                "retention_duration_seconds": 604800
              }
            ],
            "storage_class": "STANDARD",
            "terraform_labels": {
              "goog-terraform-provisioned": "true"
            },
            "time_created": "2025-11-18T18:26:42.379Z",
            "timeouts": null,
            "uniform_bucket_level_access": true,
            "updated": "2025-11-18T18:41:10.331Z",
            "url": "gs://project-2b6c9e78-b5ed-46bc-a2b-marketplace1-ingestion-bucket",
            "versioning": [],
            "website": []
          },
          "sensitive_attributes": [],
          "private": "eyJlMmJmYjczMC1lY2FhLTExZTYtOGY4OC0zNDM2M2JjN2M0YzAiOnsiY3JlYXRlIjo2MDAwMDAwMDAwMDAsInJlYWQiOjI0MDAwMDAwMDAwMCwidXBkYXRlIjoyNDAwMDAwMDAwMDB9LCJzY2hlbWFfdmVyc2lvbiI6IjQifQ==",
          "dependencies": [
            "google_project_service.services"
          ]
        }
      ]
    },
    {
      "mode": "managed",
      "type": "google_storage_bucket_iam_member",
      "name": "gcs_writer",
      "provider": "provider[\"registry.terraform.io/hashicorp/google\"]",
      "instances": [
        {
          "schema_version": 0,
          "attributes": {
            "bucket": "b/amazon-product-listing-raw",
            "condition": [],
            "etag": "CAI=",
            "id": "b/amazon-product-listing-raw/roles/storage.objectAdmin/serviceAccount:marketplace1-ingestion-sa@project-2b6c9e78-b5ed-46bc-a2b.iam.gserviceaccount.com",
            "member": "serviceAccount:marketplace1-ingestion-sa@project-2b6c9e78-b5ed-46bc-a2b.iam.gserviceaccount.com",
            "role": "roles/storage.objectAdmin",
            "timeouts": null
          },
          "sensitive_attributes": [],
          "private": "eyJlMmJmYjczMC1lY2FhLTExZTYtOGY4OC0zNDM2M2JjN2M0YzAiOnsiY3JlYXRlIjoxMjAwMDAwMDAwMDAwfX0=",
          "dependencies": [
            "data.google_storage_bucket.default",
            "google_service_account.job_runner"
          ]
        }
      ]
    },
    {
      "mode": "managed",
      "type": "null_resource",
      "name": "docker_build_push",
      "provider": "provider[\"registry.terraform.io/hashicorp/null\"]",
      "instances": []
    }
  ],
  "check_results": null
}
